// !$*UTF8*$!
{
	archiveVersion = 1;
	classes = {
	};
	objectVersion = 50;
	objects = {

/* Begin PBXBuildFile section */
		6BA6FE17222389E400C2D3B7 /* AppDelegate.swift in Sources */ = {isa = PBXBuildFile; fileRef = 6BA6FE16222389E400C2D3B7 /* AppDelegate.swift */; };
		6BA6FE1C222389E400C2D3B7 /* Main.storyboard in Resources */ = {isa = PBXBuildFile; fileRef = 6BA6FE1A222389E400C2D3B7 /* Main.storyboard */; };
		6BA6FE1F222389E400C2D3B7 /* ViewSwitcherBrianW.xcdatamodeld in Sources */ = {isa = PBXBuildFile; fileRef = 6BA6FE1D222389E400C2D3B7 /* ViewSwitcherBrianW.xcdatamodeld */; };
		6BA6FE21222389E600C2D3B7 /* Assets.xcassets in Resources */ = {isa = PBXBuildFile; fileRef = 6BA6FE20222389E600C2D3B7 /* Assets.xcassets */; };
		6BA6FE24222389E600C2D3B7 /* LaunchScreen.storyboard in Resources */ = {isa = PBXBuildFile; fileRef = 6BA6FE22222389E600C2D3B7 /* LaunchScreen.storyboard */; };
		6BA6FE2C22238A9100C2D3B7 /* SwitchingViewController.swift in Sources */ = {isa = PBXBuildFile; fileRef = 6BA6FE2B22238A9100C2D3B7 /* SwitchingViewController.swift */; };
		6BA6FE2E22238D3600C2D3B7 /* BlueViewController.swift in Sources */ = {isa = PBXBuildFile; fileRef = 6BA6FE2D22238D3600C2D3B7 /* BlueViewController.swift */; };
		6BA6FE3022238D4600C2D3B7 /* YellowViewController.swift in Sources */ = {isa = PBXBuildFile; fileRef = 6BA6FE2F22238D4600C2D3B7 /* YellowViewController.swift */; };
/* End PBXBuildFile section */

/* Begin PBXFileReference section */
		6BA6FE13222389E400C2D3B7 /* ViewSwitcherBrianW.app */ = {isa = PBXFileReference; explicitFileType = wrapper.application; includeInIndex = 0; path = ViewSwitcherBrianW.app; sourceTree = BUILT_PRODUCTS_DIR; };
		6BA6FE16222389E400C2D3B7 /* AppDelegate.swift */ = {isa = PBXFileReference; lastKnownFileType = sourcecode.swift; path = AppDelegate.swift; sourceTree = "<group>"; };
		6BA6FE1B222389E400C2D3B7 /* Base */ = {isa = PBXFileReference; lastKnownFileType = file.storyboard; name = Base; path = Base.lproj/Main.storyboard; sourceTree = "<group>"; };
		6BA6FE1E222389E400C2D3B7 /* ViewSwitcherBrianW.xcdatamodel */ = {isa = PBXFileReference; lastKnownFileType = wrapper.xcdatamodel; path = ViewSwitcherBrianW.xcdatamodel; sourceTree = "<group>"; };
		6BA6FE20222389E600C2D3B7 /* Assets.xcassets */ = {isa = PBXFileReference; lastKnownFileType = folder.assetcatalog; path = Assets.xcassets; sourceTree = "<group>"; };
		6BA6FE23222389E600C2D3B7 /* Base */ = {isa = PBXFileReference; lastKnownFileType = file.storyboard; name = Base; path = Base.lproj/LaunchScreen.storyboard; sourceTree = "<group>"; };
		6BA6FE25222389E600C2D3B7 /* Info.plist */ = {isa = PBXFileReference; lastKnownFileType = text.plist.xml; path = Info.plist; sourceTree = "<group>"; };
		6BA6FE2B22238A9100C2D3B7 /* SwitchingViewController.swift */ = {isa = PBXFileReference; lastKnownFileType = sourcecode.swift; path = SwitchingViewController.swift; sourceTree = "<group>"; };
		6BA6FE2D22238D3600C2D3B7 /* BlueViewController.swift */ = {isa = PBXFileReference; lastKnownFileType = sourcecode.swift; path = BlueViewController.swift; sourceTree = "<group>"; };
		6BA6FE2F22238D4600C2D3B7 /* YellowViewController.swift */ = {isa = PBXFileReference; lastKnownFileType = sourcecode.swift; path = YellowViewController.swift; sourceTree = "<group>"; };
/* End PBXFileReference section */

/* Begin PBXFrameworksBuildPhase section */
		6BA6FE10222389E400C2D3B7 /* Frameworks */ = {
			isa = PBXFrameworksBuildPhase;
			buildActionMask = 2147483647;
			files = (
			);
			runOnlyForDeploymentPostprocessing = 0;
		};
/* End PBXFrameworksBuildPhase section */

/* Begin PBXGroup section */
		6BA6FE0A222389E400C2D3B7 = {
			isa = PBXGroup;
			children = (
				6BA6FE15222389E400C2D3B7 /* ViewSwitcherBrianW */,
				6BA6FE14222389E400C2D3B7 /* Products */,
			);
			sourceTree = "<group>";
		};
		6BA6FE14222389E400C2D3B7 /* Products */ = {
			isa = PBXGroup;
			children = (
				6BA6FE13222389E400C2D3B7 /* ViewSwitcherBrianW.app */,
			);
			name = Products;
			sourceTree = "<group>";
		};
		6BA6FE15222389E400C2D3B7 /* ViewSwitcherBrianW */ = {
			isa = PBXGroup;
			children = (
				6BA6FE2B22238A9100C2D3B7 /* SwitchingViewController.swift */,
				6BA6FE2D22238D3600C2D3B7 /* BlueViewController.swift */,
				6BA6FE2F22238D4600C2D3B7 /* YellowViewController.swift */,
				6BA6FE16222389E400C2D3B7 /* AppDelegate.swift */,
				6BA6FE1A222389E400C2D3B7 /* Main.storyboard */,
				6BA6FE20222389E600C2D3B7 /* Assets.xcassets */,
				6BA6FE22222389E600C2D3B7 /* LaunchScreen.storyboard */,
				6BA6FE25222389E600C2D3B7 /* Info.plist */,
				6BA6FE1D222389E400C2D3B7 /* ViewSwitcherBrianW.xcdatamodeld */,
			);
			path = ViewSwitcherBrianW;
			sourceTree = "<group>";
		};
/* End PBXGroup section */

/* Begin PBXNativeTarget section */
		6BA6FE12222389E400C2D3B7 /* ViewSwitcherBrianW */ = {
			isa = PBXNativeTarget;
			buildConfigurationList = 6BA6FE28222389E600C2D3B7 /* Build configuration list for PBXNativeTarget "ViewSwitcherBrianW" */;
			buildPhases = (
				6BA6FE0F222389E400C2D3B7 /* Sources */,
				6BA6FE10222389E400C2D3B7 /* Frameworks */,
				6BA6FE11222389E400C2D3B7 /* Resources */,
			);
			buildRules = (
			);
			dependencies = (
			);
			name = ViewSwitcherBrianW;
			productName = ViewSwitcherBrianW;
			productReference = 6BA6FE13222389E400C2D3B7 /* ViewSwitcherBrianW.app */;
			productType = "com.apple.product-type.application";
		};
/* End PBXNativeTarget section */

/* Begin PBXProject section */
		6BA6FE0B222389E400C2D3B7 /* Project object */ = {
			isa = PBXProject;
			attributes = {
				LastSwiftUpdateCheck = 1010;
				LastUpgradeCheck = 1010;
				ORGANIZATIONNAME = "Brian Wawczak";
				TargetAttributes = {
					6BA6FE12222389E400C2D3B7 = {
						CreatedOnToolsVersion = 10.1;
					};
				};
			};
			buildConfigurationList = 6BA6FE0E222389E400C2D3B7 /* Build configuration list for PBXProject "ViewSwitcherBrianW" */;
			compatibilityVersion = "Xcode 9.3";
			developmentRegion = en;
			hasScannedForEncodings = 0;
			knownRegions = (
				en,
				Base,
			);
			mainGroup = 6BA6FE0A222389E400C2D3B7;
			productRefGroup = 6BA6FE14222389E400C2D3B7 /* Products */;
			projectDirPath = "";
			projectRoot = "";
			targets = (
				6BA6FE12222389E400C2D3B7 /* ViewSwitcherBrianW */,
			);
		};
/* End PBXProject section */

/* Begin PBXResourcesBuildPhase section */
		6BA6FE11222389E400C2D3B7 /* Resources */ = {
			isa = PBXResourcesBuildPhase;
			buildActionMask = 2147483647;
			files = (
				6BA6FE24222389E600C2D3B7 /* LaunchScreen.storyboard in Resources */,
				6BA6FE21222389E600C2D3B7 /* Assets.xcassets in Resources */,
				6BA6FE1C222389E400C2D3B7 /* Main.storyboard in Resources */,
			);
			runOnlyForDeploymentPostprocessing = 0;
		};
/* End PBXResourcesBuildPhase section */

/* Begin PBXSourcesBuildPhase section */
		6BA6FE0F222389E400C2D3B7 /* Sources */ = {
			isa = PBXSourcesBuildPhase;
			buildActionMask = 2147483647;
			files = (
				6BA6FE1F222389E400C2D3B7 /* ViewSwitcherBrianW.xcdatamodeld in Sources */,
				6BA6FE17222389E400C2D3B7 /* AppDelegate.swift in Sources */,
				6BA6FE2E22238D3600C2D3B7 /* BlueViewController.swift in Sources */,
				6BA6FE2C22238A9100C2D3B7 /* SwitchingViewController.swift in Sources */,
				6BA6FE3022238D4600C2D3B7 /* YellowViewController.swift in Sources */,
			);
			runOnlyForDeploymentPostprocessing = 0;
		};
/* End PBXSourcesBuildPhase section */

/* Begin PBXVariantGroup section */
		6BA6FE1A222389E400C2D3B7 /* Main.storyboard */ = {
			isa = PBXVariantGroup;
			children = (
				6BA6FE1B222389E400C2D3B7 /* Base */,
			);
			name = Main.storyboard;
			sourceTree = "<group>";
		};
		6BA6FE22222389E600C2D3B7 /* LaunchScreen.storyboard */ = {
			isa = PBXVariantGroup;
			children = (
				6BA6FE23222389E600C2D3B7 /* Base */,
			);
			name = LaunchScreen.storyboard;
			sourceTree = "<group>";
		};
/* End PBXVariantGroup section */

/* Begin XCBuildConfiguration section */
		6BA6FE26222389E600C2D3B7 /* Debug */ = {
			isa = XCBuildConfiguration;
			buildSettings = {
				ALWAYS_SEARCH_USER_PATHS = NO;
				CLANG_ANALYZER_NONNULL = YES;
				CLANG_ANALYZER_NUMBER_OBJECT_CONVERSION = YES_AGGRESSIVE;
				CLANG_CXX_LANGUAGE_STANDARD = "gnu++14";
				CLANG_CXX_LIBRARY = "libc++";
				CLANG_ENABLE_MODULES = YES;
				CLANG_ENABLE_OBJC_ARC = YES;
				CLANG_ENABLE_OBJC_WEAK = YES;
				CLANG_WARN_BLOCK_CAPTURE_AUTORELEASING = YES;
				CLANG_WARN_BOOL_CONVERSION = YES;
				CLANG_WARN_COMMA = YES;
				CLANG_WARN_CONSTANT_CONVERSION = YES;
				CLANG_WARN_DEPRECATED_OBJC_IMPLEMENTATIONS = YES;
				CLANG_WARN_DIRECT_OBJC_ISA_USAGE = YES_ERROR;
				CLANG_WARN_DOCUMENTATION_COMMENTS = YES;
				CLANG_WARN_EMPTY_BODY = YES;
				CLANG_WARN_ENUM_CONVERSION = YES;
				CLANG_WARN_INFINITE_RECURSION = YES;
				CLANG_WARN_INT_CONVERSION = YES;
				CLANG_WARN_NON_LITERAL_NULL_CONVERSION = YES;
				CLANG_WARN_OBJC_IMPLICIT_RETAIN_SELF = YES;
				CLANG_WARN_OBJC_LITERAL_CONVERSION = YES;
				CLANG_WARN_OBJC_ROOT_CLASS = YES_ERROR;
				CLANG_WARN_RANGE_LOOP_ANALYSIS = YES;
				CLANG_WARN_STRICT_PROTOTYPES = YES;
				CLANG_WARN_SUSPICIOUS_MOVE = YES;
				CLANG_WARN_UNGUARDED_AVAILABILITY = YES_AGGRESSIVE;
				CLANG_WARN_UNREACHABLE_CODE = YES;
				CLANG_WARN__DUPLICATE_METHOD_MATCH = YES;
				CODE_SIGN_IDENTITY = "iPhone Developer";
				COPY_PHASE_STRIP = NO;
				DEBUG_INFORMATION_FORMAT = dwarf;
				ENABLE_STRICT_OBJC_MSGSEND = YES;
				ENABLE_TESTABILITY = YES;
				GCC_C_LANGUAGE_STANDARD = gnu11;
				GCC_DYNAMIC_NO_PIC = NO;
				GCC_NO_COMMON_BLOCKS = YES;
				GCC_OPTIMIZATION_LEVEL = 0;
				GCC_PREPROCESSOR_DEFINITIONS = (
					"DEBUG=1",
					"$(inherited)",
				);
				GCC_WARN_64_TO_32_BIT_CONVERSION = YES;
				GCC_WARN_ABOUT_RETURN_TYPE = YES_ERROR;
				GCC_WARN_UNDECLARED_SELECTOR = YES;
				GCC_WARN_UNINITIALIZED_AUTOS = YES_AGGRESSIVE;
				GCC_WARN_UNUSED_FUNCTION = YES;
				GCC_WARN_UNUSED_VARIABLE = YES;
				IPHONEOS_DEPLOYMENT_TARGET = 12.1;
				MTL_ENABLE_DEBUG_INFO = INCLUDE_SOURCE;
				MTL_FAST_MATH = YES;
				ONLY_ACTIVE_ARCH = YES;
				SDKROOT = iphoneos;
				SWIFT_ACTIVE_COMPILATION_CONDITIONS = DEBUG;
				SWIFT_OPTIMIZATION_LEVEL = "-Onone";
			};
			name = Debug;
		};
		6BA6FE27222389E600C2D3B7 /* Release */ = {
			isa = XCBuildConfiguration;
			buildSettings = {
				ALWAYS_SEARCH_USER_PATHS = NO;
				CLANG_ANALYZER_NONNULL = YES;
				CLANG_ANALYZER_NUMBER_OBJECT_CONVERSION = YES_AGGRESSIVE;
				CLANG_CXX_LANGUAGE_STANDARD = "gnu++14";
				CLANG_CXX_LIBRARY = "libc++";
				CLANG_ENABLE_MODULES = YES;
				CLANG_ENABLE_OBJC_ARC = YES;
				CLANG_ENABLE_OBJC_WEAK = YES;
				CLANG_WARN_BLOCK_CAPTURE_AUTORELEASING = YES;
				CLANG_WARN_BOOL_CONVERSION = YES;
				CLANG_WARN_COMMA = YES;
				CLANG_WARN_CONSTANT_CONVERSION = YES;
				CLANG_WARN_DEPRECATED_OBJC_IMPLEMENTATIONS = YES;
				CLANG_WARN_DIRECT_OBJC_ISA_USAGE = YES_ERROR;
				CLANG_WARN_DOCUMENTATION_COMMENTS = YES;
				CLANG_WARN_EMPTY_BODY = YES;
				CLANG_WARN_ENUM_CONVERSION = YES;
				CLANG_WARN_INFINITE_RECURSION = YES;
				CLANG_WARN_INT_CONVERSION = YES;
				CLANG_WARN_NON_LITERAL_NULL_CONVERSION = YES;
				CLANG_WARN_OBJC_IMPLICIT_RETAIN_SELF = YES;
				CLANG_WARN_OBJC_LITERAL_CONVERSION = YES;
				CLANG_WARN_OBJC_ROOT_CLASS = YES_ERROR;
				CLANG_WARN_RANGE_LOOP_ANALYSIS = YES;
				CLANG_WARN_STRICT_PROTOTYPES = YES;
				CLANG_WARN_SUSPICIOUS_MOVE = YES;
				CLANG_WARN_UNGUARDED_AVAILABILITY = YES_AGGRESSIVE;
				CLANG_WARN_UNREACHABLE_CODE = YES;
				CLANG_WARN__DUPLICATE_METHOD_MATCH = YES;
				CODE_SIGN_IDENTITY = "iPhone Developer";
				COPY_PHASE_STRIP = NO;
				DEBUG_INFORMATION_FORMAT = "dwarf-with-dsym";
				ENABLE_NS_ASSERTIONS = NO;
				ENABLE_STRICT_OBJC_MSGSEND = YES;
				GCC_C_LANGUAGE_STANDARD = gnu11;
				GCC_NO_COMMON_BLOCKS = YES;
				GCC_WARN_64_TO_32_BIT_CONVERSION = YES;
				GCC_WARN_ABOUT_RETURN_TYPE = YES_ERROR;
				GCC_WARN_UNDECLARED_SELECTOR = YES;
				GCC_WARN_UNINITIALIZED_AUTOS = YES_AGGRESSIVE;
				GCC_WARN_UNUSED_FUNCTION = YES;
				GCC_WARN_UNUSED_VARIABLE = YES;
				IPHONEOS_DEPLOYMENT_TARGET = 12.1;
				MTL_ENABLE_DEBUG_INFO = NO;
				MTL_FAST_MATH = YES;
				SDKROOT = iphoneos;
				SWIFT_COMPILATION_MODE = wholemodule;
				SWIFT_OPTIMIZATION_LEVEL = "-O";
				VALIDATE_PRODUCT = YES;
			};
			name = Release;
		};
		6BA6FE29222389E600C2D3B7 /* Debug */ = {
			isa = XCBuildConfiguration;
			buildSettings = {
				ASSETCATALOG_COMPILER_APPICON_NAME = AppIcon;
				CODE_SIGN_STYLE = Automatic;
				DEVELOPMENT_TEAM = VLL5PXFDUH;
				INFOPLIST_FILE = ViewSwitcherBrianW/Info.plist;
				LD_RUNPATH_SEARCH_PATHS = (
					"$(inherited)",
					"@executable_path/Frameworks",
				);
				PRODUCT_BUNDLE_IDENTIFIER = com.brianwawczak.ViewSwitcherBrianW;
				PRODUCT_NAME = "$(TARGET_NAME)";
				SWIFT_VERSION = 4.2;
				TARGETED_DEVICE_FAMILY = "1,2";
			};
			name = Debug;
		};
		6BA6FE2A222389E600C2D3B7 /* Release */ = {
			isa = XCBuildConfiguration;
			buildSettings = {
				ASSETCATALOG_COMPILER_APPICON_NAME = AppIcon;
				CODE_SIGN_STYLE = Automatic;
				DEVELOPMENT_TEAM = VLL5PXFDUH;
				INFOPLIST_FILE = ViewSwitcherBrianW/Info.plist;
				LD_RUNPATH_SEARCH_PATHS = (
					"$(inherited)",
					"@executable_path/Frameworks",
				);
				PRODUCT_BUNDLE_IDENTIFIER = com.brianwawczak.ViewSwitcherBrianW;
				PRODUCT_NAME = "$(TARGET_NAME)";
				SWIFT_VERSION = 4.2;
				TARGETED_DEVICE_FAMILY = "1,2";
			};
			name = Release;
		};
/* End XCBuildConfiguration section */

/* Begin XCConfigurationList section */
		6BA6FE0E222389E400C2D3B7 /* Build configuration list for PBXProject "ViewSwitcherBrianW" */ = {
			isa = XCConfigurationList;
			buildConfigurations = (
				6BA6FE26222389E600C2D3B7 /* Debug */,
				6BA6FE27222389E600C2D3B7 /* Release */,
			);
			defaultConfigurationIsVisible = 0;
			defaultConfigurationName = Release;
		};
		6BA6FE28222389E600C2D3B7 /* Build configuration list for PBXNativeTarget "ViewSwitcherBrianW" */ = {
			isa = XCConfigurationList;
			buildConfigurations = (
				6BA6FE29222389E600C2D3B7 /* Debug */,
				6BA6FE2A222389E600C2D3B7 /* Release */,
			);
			defaultConfigurationIsVisible = 0;
			defaultConfigurationName = Release;
		};
/* End XCConfigurationList section */

/* Begin XCVersionGroup section */
		6BA6FE1D222389E400C2D3B7 /* ViewSwitcherBrianW.xcdatamodeld */ = {
			isa = XCVersionGroup;
			children = (
				6BA6FE1E222389E400C2D3B7 /* ViewSwitcherBrianW.xcdatamodel */,
			);
			currentVersion = 6BA6FE1E222389E400C2D3B7 /* ViewSwitcherBrianW.xcdatamodel */;
			path = ViewSwitcherBrianW.xcdatamodeld;
			sourceTree = "<group>";
			versionGroupType = wrapper.xcdatamodel;
		};
/* End XCVersionGroup section */
	};
	rootObject = 6BA6FE0B222389E400C2D3B7 /* Project object */;
}
